// !$*UTF8*$!
{
	archiveVersion = 1;
	classes = {
	};
	objectVersion = 55;
	objects = {

/* Begin PBXBuildFile section */
		572F53A1DD1D2417DD9D72E7 /* Pods_GolfShots.framework in Frameworks */ = {isa = PBXBuildFile; fileRef = DF1D49D87960047BAC8C2DC5 /* Pods_GolfShots.framework */; };
		AAA5FC6C27B3FCEC00F7A590 /* Constants.swift in Sources */ = {isa = PBXBuildFile; fileRef = AAA5FC6B27B3FCEC00F7A590 /* Constants.swift */; };
		AAA5FC7727B3FD6B00F7A590 /* ShotsViewController.swift in Sources */ = {isa = PBXBuildFile; fileRef = AAA5FC7627B3FD6B00F7A590 /* ShotsViewController.swift */; };
		AAA5FC7927B3FD9600F7A590 /* ShotsViewModel.swift in Sources */ = {isa = PBXBuildFile; fileRef = AAA5FC7827B3FD9600F7A590 /* ShotsViewModel.swift */; };
		AAA5FC7B27B3FDA700F7A590 /* InfoModel.swift in Sources */ = {isa = PBXBuildFile; fileRef = AAA5FC7A27B3FDA700F7A590 /* InfoModel.swift */; };
		AAA5FC7E27B3FDB300F7A590 /* ShotTableViewCell.swift in Sources */ = {isa = PBXBuildFile; fileRef = AAA5FC7C27B3FDB300F7A590 /* ShotTableViewCell.swift */; };
		AAA5FC7F27B3FDB300F7A590 /* ShotTableViewCell.xib in Resources */ = {isa = PBXBuildFile; fileRef = AAA5FC7D27B3FDB300F7A590 /* ShotTableViewCell.xib */; };
		AAA5FC8227B3FDDB00F7A590 /* WebService.swift in Sources */ = {isa = PBXBuildFile; fileRef = AAA5FC8127B3FDDB00F7A590 /* WebService.swift */; };
		AAA5FC8827B3FDF200F7A590 /* VideoEditorHelper.swift in Sources */ = {isa = PBXBuildFile; fileRef = AAA5FC8427B3FDF200F7A590 /* VideoEditorHelper.swift */; };
		AAA5FC8927B3FDF200F7A590 /* VideoPlayerHelper.swift in Sources */ = {isa = PBXBuildFile; fileRef = AAA5FC8527B3FDF200F7A590 /* VideoPlayerHelper.swift */; };
		AAA5FC8A27B3FDF200F7A590 /* FileManagerHelper.swift in Sources */ = {isa = PBXBuildFile; fileRef = AAA5FC8627B3FDF200F7A590 /* FileManagerHelper.swift */; };
		AAA5FC8B27B3FDF200F7A590 /* RealmHelper.swift in Sources */ = {isa = PBXBuildFile; fileRef = AAA5FC8727B3FDF200F7A590 /* RealmHelper.swift */; };
		AAA5FC8F27B3FE0600F7A590 /* UIViewController + Extension.swift in Sources */ = {isa = PBXBuildFile; fileRef = AAA5FC8D27B3FE0600F7A590 /* UIViewController + Extension.swift */; };
		AAA5FC9027B3FE0600F7A590 /* UIImage + Extension.swift in Sources */ = {isa = PBXBuildFile; fileRef = AAA5FC8E27B3FE0600F7A590 /* UIImage + Extension.swift */; };
		AAF1D26927B3F16700ED2ED3 /* AppDelegate.swift in Sources */ = {isa = PBXBuildFile; fileRef = AAF1D26827B3F16700ED2ED3 /* AppDelegate.swift */; };
		AAF1D26D27B3F16700ED2ED3 /* ViewController.swift in Sources */ = {isa = PBXBuildFile; fileRef = AAF1D26C27B3F16700ED2ED3 /* ViewController.swift */; };
		AAF1D27027B3F16700ED2ED3 /* Main.storyboard in Resources */ = {isa = PBXBuildFile; fileRef = AAF1D26E27B3F16700ED2ED3 /* Main.storyboard */; };
		AAF1D27227B3F16800ED2ED3 /* Assets.xcassets in Resources */ = {isa = PBXBuildFile; fileRef = AAF1D27127B3F16800ED2ED3 /* Assets.xcassets */; };
		AAF1D27527B3F16800ED2ED3 /* LaunchScreen.storyboard in Resources */ = {isa = PBXBuildFile; fileRef = AAF1D27327B3F16800ED2ED3 /* LaunchScreen.storyboard */; };
/* End PBXBuildFile section */

/* Begin PBXFileReference section */
		AAA5FC6B27B3FCEC00F7A590 /* Constants.swift */ = {isa = PBXFileReference; fileEncoding = 4; lastKnownFileType = sourcecode.swift; path = Constants.swift; sourceTree = "<group>"; };
		AAA5FC7627B3FD6B00F7A590 /* ShotsViewController.swift */ = {isa = PBXFileReference; fileEncoding = 4; lastKnownFileType = sourcecode.swift; path = ShotsViewController.swift; sourceTree = "<group>"; };
		AAA5FC7827B3FD9600F7A590 /* ShotsViewModel.swift */ = {isa = PBXFileReference; fileEncoding = 4; lastKnownFileType = sourcecode.swift; path = ShotsViewModel.swift; sourceTree = "<group>"; };
		AAA5FC7A27B3FDA700F7A590 /* InfoModel.swift */ = {isa = PBXFileReference; fileEncoding = 4; lastKnownFileType = sourcecode.swift; path = InfoModel.swift; sourceTree = "<group>"; };
		AAA5FC7C27B3FDB300F7A590 /* ShotTableViewCell.swift */ = {isa = PBXFileReference; fileEncoding = 4; lastKnownFileType = sourcecode.swift; path = ShotTableViewCell.swift; sourceTree = "<group>"; };
		AAA5FC7D27B3FDB300F7A590 /* ShotTableViewCell.xib */ = {isa = PBXFileReference; fileEncoding = 4; lastKnownFileType = file.xib; path = ShotTableViewCell.xib; sourceTree = "<group>"; };
		AAA5FC8127B3FDDB00F7A590 /* WebService.swift */ = {isa = PBXFileReference; fileEncoding = 4; lastKnownFileType = sourcecode.swift; path = WebService.swift; sourceTree = "<group>"; };
		AAA5FC8427B3FDF200F7A590 /* VideoEditorHelper.swift */ = {isa = PBXFileReference; fileEncoding = 4; lastKnownFileType = sourcecode.swift; path = VideoEditorHelper.swift; sourceTree = "<group>"; };
		AAA5FC8527B3FDF200F7A590 /* VideoPlayerHelper.swift */ = {isa = PBXFileReference; fileEncoding = 4; lastKnownFileType = sourcecode.swift; path = VideoPlayerHelper.swift; sourceTree = "<group>"; };
		AAA5FC8627B3FDF200F7A590 /* FileManagerHelper.swift */ = {isa = PBXFileReference; fileEncoding = 4; lastKnownFileType = sourcecode.swift; path = FileManagerHelper.swift; sourceTree = "<group>"; };
		AAA5FC8727B3FDF200F7A590 /* RealmHelper.swift */ = {isa = PBXFileReference; fileEncoding = 4; lastKnownFileType = sourcecode.swift; path = RealmHelper.swift; sourceTree = "<group>"; };
		AAA5FC8D27B3FE0600F7A590 /* UIViewController + Extension.swift */ = {isa = PBXFileReference; fileEncoding = 4; lastKnownFileType = sourcecode.swift; path = "UIViewController + Extension.swift"; sourceTree = "<group>"; };
		AAA5FC8E27B3FE0600F7A590 /* UIImage + Extension.swift */ = {isa = PBXFileReference; fileEncoding = 4; lastKnownFileType = sourcecode.swift; path = "UIImage + Extension.swift"; sourceTree = "<group>"; };
		AAF1D26527B3F16700ED2ED3 /* GolfShots.app */ = {isa = PBXFileReference; explicitFileType = wrapper.application; includeInIndex = 0; path = GolfShots.app; sourceTree = BUILT_PRODUCTS_DIR; };
		AAF1D26827B3F16700ED2ED3 /* AppDelegate.swift */ = {isa = PBXFileReference; lastKnownFileType = sourcecode.swift; path = AppDelegate.swift; sourceTree = "<group>"; };
		AAF1D26C27B3F16700ED2ED3 /* ViewController.swift */ = {isa = PBXFileReference; lastKnownFileType = sourcecode.swift; path = ViewController.swift; sourceTree = "<group>"; };
		AAF1D26F27B3F16700ED2ED3 /* Base */ = {isa = PBXFileReference; lastKnownFileType = file.storyboard; name = Base; path = Base.lproj/Main.storyboard; sourceTree = "<group>"; };
		AAF1D27127B3F16800ED2ED3 /* Assets.xcassets */ = {isa = PBXFileReference; lastKnownFileType = folder.assetcatalog; path = Assets.xcassets; sourceTree = "<group>"; };
		AAF1D27427B3F16800ED2ED3 /* Base */ = {isa = PBXFileReference; lastKnownFileType = file.storyboard; name = Base; path = Base.lproj/LaunchScreen.storyboard; sourceTree = "<group>"; };
		AAF1D27627B3F16800ED2ED3 /* Info.plist */ = {isa = PBXFileReference; lastKnownFileType = text.plist.xml; path = Info.plist; sourceTree = "<group>"; };
		AF70C74CE4BDB2B940BF7542 /* Pods-GolfShots.release.xcconfig */ = {isa = PBXFileReference; includeInIndex = 1; lastKnownFileType = text.xcconfig; name = "Pods-GolfShots.release.xcconfig"; path = "Target Support Files/Pods-GolfShots/Pods-GolfShots.release.xcconfig"; sourceTree = "<group>"; };
		C6A7CCF02371EAC11597C4C8 /* Pods-GolfShots.debug.xcconfig */ = {isa = PBXFileReference; includeInIndex = 1; lastKnownFileType = text.xcconfig; name = "Pods-GolfShots.debug.xcconfig"; path = "Target Support Files/Pods-GolfShots/Pods-GolfShots.debug.xcconfig"; sourceTree = "<group>"; };
		DF1D49D87960047BAC8C2DC5 /* Pods_GolfShots.framework */ = {isa = PBXFileReference; explicitFileType = wrapper.framework; includeInIndex = 0; path = Pods_GolfShots.framework; sourceTree = BUILT_PRODUCTS_DIR; };
/* End PBXFileReference section */

/* Begin PBXFrameworksBuildPhase section */
		AAF1D26227B3F16700ED2ED3 /* Frameworks */ = {
			isa = PBXFrameworksBuildPhase;
			buildActionMask = 2147483647;
			files = (
				572F53A1DD1D2417DD9D72E7 /* Pods_GolfShots.framework in Frameworks */,
			);
			runOnlyForDeploymentPostprocessing = 0;
		};
/* End PBXFrameworksBuildPhase section */

/* Begin PBXGroup section */
		9C95CE115D4147B47A2EC9A3 /* Frameworks */ = {
			isa = PBXGroup;
			children = (
				DF1D49D87960047BAC8C2DC5 /* Pods_GolfShots.framework */,
			);
			name = Frameworks;
			sourceTree = "<group>";
		};
		AAA5FC6D27B3FCEF00F7A590 /* Common */ = {
			isa = PBXGroup;
			children = (
				AAA5FC6B27B3FCEC00F7A590 /* Constants.swift */,
				AAF1D26827B3F16700ED2ED3 /* AppDelegate.swift */,
			);
			path = Common;
			sourceTree = "<group>";
		};
		AAA5FC7027B3FD1100F7A590 /* Application */ = {
			isa = PBXGroup;
			children = (
				AAA5FC7527B3FD5800F7A590 /* Shots */,
			);
			path = Application;
			sourceTree = "<group>";
		};
		AAA5FC7127B3FD2C00F7A590 /* Controller */ = {
			isa = PBXGroup;
			children = (
				AAA5FC7627B3FD6B00F7A590 /* ShotsViewController.swift */,
			);
			path = Controller;
			sourceTree = "<group>";
		};
		AAA5FC7227B3FD3600F7A590 /* ViewModel */ = {
			isa = PBXGroup;
			children = (
				AAA5FC7827B3FD9600F7A590 /* ShotsViewModel.swift */,
			);
			path = ViewModel;
			sourceTree = "<group>";
		};
		AAA5FC7327B3FD3A00F7A590 /* Model */ = {
			isa = PBXGroup;
			children = (
				AAA5FC7A27B3FDA700F7A590 /* InfoModel.swift */,
			);
			path = Model;
			sourceTree = "<group>";
		};
		AAA5FC7427B3FD3C00F7A590 /* View */ = {
			isa = PBXGroup;
			children = (
				AAA5FC7C27B3FDB300F7A590 /* ShotTableViewCell.swift */,
				AAA5FC7D27B3FDB300F7A590 /* ShotTableViewCell.xib */,
			);
			path = View;
			sourceTree = "<group>";
		};
		AAA5FC7527B3FD5800F7A590 /* Shots */ = {
			isa = PBXGroup;
			children = (
				AAA5FC7127B3FD2C00F7A590 /* Controller */,
				AAA5FC7227B3FD3600F7A590 /* ViewModel */,
				AAA5FC7427B3FD3C00F7A590 /* View */,
				AAA5FC7327B3FD3A00F7A590 /* Model */,
			);
			path = Shots;
			sourceTree = "<group>";
		};
		AAA5FC8027B3FDCC00F7A590 /* Network */ = {
			isa = PBXGroup;
			children = (
				AAA5FC8127B3FDDB00F7A590 /* WebService.swift */,
			);
			path = Network;
			sourceTree = "<group>";
		};
		AAA5FC8327B3FDE400F7A590 /* Helpers */ = {
			isa = PBXGroup;
			children = (
				AAA5FC8627B3FDF200F7A590 /* FileManagerHelper.swift */,
				AAA5FC8727B3FDF200F7A590 /* RealmHelper.swift */,
				AAA5FC8427B3FDF200F7A590 /* VideoEditorHelper.swift */,
				AAA5FC8527B3FDF200F7A590 /* VideoPlayerHelper.swift */,
			);
			path = Helpers;
			sourceTree = "<group>";
		};
		AAA5FC8C27B3FDF700F7A590 /* Extensions */ = {
			isa = PBXGroup;
			children = (
				AAA5FC8E27B3FE0600F7A590 /* UIImage + Extension.swift */,
				AAA5FC8D27B3FE0600F7A590 /* UIViewController + Extension.swift */,
			);
			path = Extensions;
			sourceTree = "<group>";
		};
		AAF1D25C27B3F16700ED2ED3 = {
			isa = PBXGroup;
			children = (
				AAF1D26727B3F16700ED2ED3 /* GolfShots */,
				AAF1D26627B3F16700ED2ED3 /* Products */,
				FB32FFB2D8FB22F0CB0B6094 /* Pods */,
				9C95CE115D4147B47A2EC9A3 /* Frameworks */,
			);
			sourceTree = "<group>";
		};
		AAF1D26627B3F16700ED2ED3 /* Products */ = {
			isa = PBXGroup;
			children = (
				AAF1D26527B3F16700ED2ED3 /* GolfShots.app */,
			);
			name = Products;
			sourceTree = "<group>";
		};
		AAF1D26727B3F16700ED2ED3 /* GolfShots */ = {
			isa = PBXGroup;
			children = (
				AAA5FC7027B3FD1100F7A590 /* Application */,
				AAA5FC8027B3FDCC00F7A590 /* Network */,
				AAA5FC8327B3FDE400F7A590 /* Helpers */,
				AAA5FC8C27B3FDF700F7A590 /* Extensions */,
				AAA5FC6D27B3FCEF00F7A590 /* Common */,
				AAF1D26C27B3F16700ED2ED3 /* ViewController.swift */,
				AAF1D26E27B3F16700ED2ED3 /* Main.storyboard */,
				AAF1D27127B3F16800ED2ED3 /* Assets.xcassets */,
				AAF1D27327B3F16800ED2ED3 /* LaunchScreen.storyboard */,
				AAF1D27627B3F16800ED2ED3 /* Info.plist */,
			);
			path = GolfShots;
			sourceTree = "<group>";
		};
		FB32FFB2D8FB22F0CB0B6094 /* Pods */ = {
			isa = PBXGroup;
			children = (
				C6A7CCF02371EAC11597C4C8 /* Pods-GolfShots.debug.xcconfig */,
				AF70C74CE4BDB2B940BF7542 /* Pods-GolfShots.release.xcconfig */,
			);
			path = Pods;
			sourceTree = "<group>";
		};
/* End PBXGroup section */

/* Begin PBXNativeTarget section */
		AAF1D26427B3F16700ED2ED3 /* GolfShots */ = {
			isa = PBXNativeTarget;
			buildConfigurationList = AAF1D27927B3F16800ED2ED3 /* Build configuration list for PBXNativeTarget "GolfShots" */;
			buildPhases = (
				AF145A7F4683D05D70A9DC5B /* [CP] Check Pods Manifest.lock */,
				AAF1D26127B3F16700ED2ED3 /* Sources */,
				AAF1D26227B3F16700ED2ED3 /* Frameworks */,
				AAF1D26327B3F16700ED2ED3 /* Resources */,
				1B181142FCD7BCB21B1B752B /* [CP] Embed Pods Frameworks */,
			);
			buildRules = (
			);
			dependencies = (
			);
			name = GolfShots;
			productName = GolfShots;
			productReference = AAF1D26527B3F16700ED2ED3 /* GolfShots.app */;
			productType = "com.apple.product-type.application";
		};
/* End PBXNativeTarget section */

/* Begin PBXProject section */
		AAF1D25D27B3F16700ED2ED3 /* Project object */ = {
			isa = PBXProject;
			attributes = {
				BuildIndependentTargetsInParallel = 1;
				LastSwiftUpdateCheck = 1320;
				LastUpgradeCheck = 1320;
				TargetAttributes = {
					AAF1D26427B3F16700ED2ED3 = {
						CreatedOnToolsVersion = 13.2.1;
					};
				};
			};
			buildConfigurationList = AAF1D26027B3F16700ED2ED3 /* Build configuration list for PBXProject "GolfShots" */;
			compatibilityVersion = "Xcode 13.0";
			developmentRegion = en;
			hasScannedForEncodings = 0;
			knownRegions = (
				en,
				Base,
			);
			mainGroup = AAF1D25C27B3F16700ED2ED3;
			productRefGroup = AAF1D26627B3F16700ED2ED3 /* Products */;
			projectDirPath = "";
			projectRoot = "";
			targets = (
				AAF1D26427B3F16700ED2ED3 /* GolfShots */,
			);
		};
/* End PBXProject section */

/* Begin PBXResourcesBuildPhase section */
		AAF1D26327B3F16700ED2ED3 /* Resources */ = {
			isa = PBXResourcesBuildPhase;
			buildActionMask = 2147483647;
			files = (
				AAF1D27527B3F16800ED2ED3 /* LaunchScreen.storyboard in Resources */,
				AAF1D27227B3F16800ED2ED3 /* Assets.xcassets in Resources */,
				AAF1D27027B3F16700ED2ED3 /* Main.storyboard in Resources */,
				AAA5FC7F27B3FDB300F7A590 /* ShotTableViewCell.xib in Resources */,
			);
			runOnlyForDeploymentPostprocessing = 0;
		};
/* End PBXResourcesBuildPhase section */

/* Begin PBXShellScriptBuildPhase section */
		1B181142FCD7BCB21B1B752B /* [CP] Embed Pods Frameworks */ = {
			isa = PBXShellScriptBuildPhase;
			buildActionMask = 2147483647;
			files = (
			);
			inputFileListPaths = (
				"${PODS_ROOT}/Target Support Files/Pods-GolfShots/Pods-GolfShots-frameworks-${CONFIGURATION}-input-files.xcfilelist",
			);
			name = "[CP] Embed Pods Frameworks";
			outputFileListPaths = (
				"${PODS_ROOT}/Target Support Files/Pods-GolfShots/Pods-GolfShots-frameworks-${CONFIGURATION}-output-files.xcfilelist",
			);
			runOnlyForDeploymentPostprocessing = 0;
			shellPath = /bin/sh;
			shellScript = "\"${PODS_ROOT}/Target Support Files/Pods-GolfShots/Pods-GolfShots-frameworks.sh\"\n";
			showEnvVarsInLog = 0;
		};
		AF145A7F4683D05D70A9DC5B /* [CP] Check Pods Manifest.lock */ = {
			isa = PBXShellScriptBuildPhase;
			buildActionMask = 2147483647;
			files = (
			);
			inputFileListPaths = (
			);
			inputPaths = (
				"${PODS_PODFILE_DIR_PATH}/Podfile.lock",
				"${PODS_ROOT}/Manifest.lock",
			);
			name = "[CP] Check Pods Manifest.lock";
			outputFileListPaths = (
			);
			outputPaths = (
				"$(DERIVED_FILE_DIR)/Pods-GolfShots-checkManifestLockResult.txt",
			);
			runOnlyForDeploymentPostprocessing = 0;
			shellPath = /bin/sh;
			shellScript = "diff \"${PODS_PODFILE_DIR_PATH}/Podfile.lock\" \"${PODS_ROOT}/Manifest.lock\" > /dev/null\nif [ $? != 0 ] ; then\n    # print error to STDERR\n    echo \"error: The sandbox is not in sync with the Podfile.lock. Run 'pod install' or update your CocoaPods installation.\" >&2\n    exit 1\nfi\n# This output is used by Xcode 'outputs' to avoid re-running this script phase.\necho \"SUCCESS\" > \"${SCRIPT_OUTPUT_FILE_0}\"\n";
			showEnvVarsInLog = 0;
		};
/* End PBXShellScriptBuildPhase section */

/* Begin PBXSourcesBuildPhase section */
		AAF1D26127B3F16700ED2ED3 /* Sources */ = {
			isa = PBXSourcesBuildPhase;
			buildActionMask = 2147483647;
			files = (
				AAA5FC8927B3FDF200F7A590 /* VideoPlayerHelper.swift in Sources */,
				AAA5FC8B27B3FDF200F7A590 /* RealmHelper.swift in Sources */,
				AAA5FC7E27B3FDB300F7A590 /* ShotTableViewCell.swift in Sources */,
				AAA5FC7727B3FD6B00F7A590 /* ShotsViewController.swift in Sources */,
				AAA5FC8227B3FDDB00F7A590 /* WebService.swift in Sources */,
				AAF1D26D27B3F16700ED2ED3 /* ViewController.swift in Sources */,
				AAF1D26927B3F16700ED2ED3 /* AppDelegate.swift in Sources */,
				AAA5FC9027B3FE0600F7A590 /* UIImage + Extension.swift in Sources */,
				AAA5FC6C27B3FCEC00F7A590 /* Constants.swift in Sources */,
				AAA5FC7927B3FD9600F7A590 /* ShotsViewModel.swift in Sources */,
				AAA5FC7B27B3FDA700F7A590 /* InfoModel.swift in Sources */,
				AAA5FC8827B3FDF200F7A590 /* VideoEditorHelper.swift in Sources */,
				AAA5FC8F27B3FE0600F7A590 /* UIViewController + Extension.swift in Sources */,
				AAA5FC8A27B3FDF200F7A590 /* FileManagerHelper.swift in Sources */,
			);
			runOnlyForDeploymentPostprocessing = 0;
		};
/* End PBXSourcesBuildPhase section */

/* Begin PBXVariantGroup section */
		AAF1D26E27B3F16700ED2ED3 /* Main.storyboard */ = {
			isa = PBXVariantGroup;
			children = (
				AAF1D26F27B3F16700ED2ED3 /* Base */,
			);
			name = Main.storyboard;
			sourceTree = "<group>";
		};
		AAF1D27327B3F16800ED2ED3 /* LaunchScreen.storyboard */ = {
			isa = PBXVariantGroup;
			children = (
				AAF1D27427B3F16800ED2ED3 /* Base */,
			);
			name = LaunchScreen.storyboard;
			sourceTree = "<group>";
		};
/* End PBXVariantGroup section */

/* Begin XCBuildConfiguration section */
		AAF1D27727B3F16800ED2ED3 /* Debug */ = {
			isa = XCBuildConfiguration;
			buildSettings = {
				ALWAYS_SEARCH_USER_PATHS = NO;
				CLANG_ANALYZER_NONNULL = YES;
				CLANG_ANALYZER_NUMBER_OBJECT_CONVERSION = YES_AGGRESSIVE;
				CLANG_CXX_LANGUAGE_STANDARD = "gnu++17";
				CLANG_CXX_LIBRARY = "libc++";
				CLANG_ENABLE_MODULES = YES;
				CLANG_ENABLE_OBJC_ARC = YES;
				CLANG_ENABLE_OBJC_WEAK = YES;
				CLANG_WARN_BLOCK_CAPTURE_AUTORELEASING = YES;
				CLANG_WARN_BOOL_CONVERSION = YES;
				CLANG_WARN_COMMA = YES;
				CLANG_WARN_CONSTANT_CONVERSION = YES;
				CLANG_WARN_DEPRECATED_OBJC_IMPLEMENTATIONS = YES;
				CLANG_WARN_DIRECT_OBJC_ISA_USAGE = YES_ERROR;
				CLANG_WARN_DOCUMENTATION_COMMENTS = YES;
				CLANG_WARN_EMPTY_BODY = YES;
				CLANG_WARN_ENUM_CONVERSION = YES;
				CLANG_WARN_INFINITE_RECURSION = YES;
				CLANG_WARN_INT_CONVERSION = YES;
				CLANG_WARN_NON_LITERAL_NULL_CONVERSION = YES;
				CLANG_WARN_OBJC_IMPLICIT_RETAIN_SELF = YES;
				CLANG_WARN_OBJC_LITERAL_CONVERSION = YES;
				CLANG_WARN_OBJC_ROOT_CLASS = YES_ERROR;
				CLANG_WARN_QUOTED_INCLUDE_IN_FRAMEWORK_HEADER = YES;
				CLANG_WARN_RANGE_LOOP_ANALYSIS = YES;
				CLANG_WARN_STRICT_PROTOTYPES = YES;
				CLANG_WARN_SUSPICIOUS_MOVE = YES;
				CLANG_WARN_UNGUARDED_AVAILABILITY = YES_AGGRESSIVE;
				CLANG_WARN_UNREACHABLE_CODE = YES;
				CLANG_WARN__DUPLICATE_METHOD_MATCH = YES;
				COPY_PHASE_STRIP = NO;
				DEBUG_INFORMATION_FORMAT = dwarf;
				ENABLE_STRICT_OBJC_MSGSEND = YES;
				ENABLE_TESTABILITY = YES;
				GCC_C_LANGUAGE_STANDARD = gnu11;
				GCC_DYNAMIC_NO_PIC = NO;
				GCC_NO_COMMON_BLOCKS = YES;
				GCC_OPTIMIZATION_LEVEL = 0;
				GCC_PREPROCESSOR_DEFINITIONS = (
					"DEBUG=1",
					"$(inherited)",
				);
				GCC_WARN_64_TO_32_BIT_CONVERSION = YES;
				GCC_WARN_ABOUT_RETURN_TYPE = YES_ERROR;
				GCC_WARN_UNDECLARED_SELECTOR = YES;
				GCC_WARN_UNINITIALIZED_AUTOS = YES_AGGRESSIVE;
				GCC_WARN_UNUSED_FUNCTION = YES;
				GCC_WARN_UNUSED_VARIABLE = YES;
				IPHONEOS_DEPLOYMENT_TARGET = 15.2;
				MTL_ENABLE_DEBUG_INFO = INCLUDE_SOURCE;
				MTL_FAST_MATH = YES;
				ONLY_ACTIVE_ARCH = YES;
				SDKROOT = iphoneos;
				SWIFT_ACTIVE_COMPILATION_CONDITIONS = DEBUG;
				SWIFT_OPTIMIZATION_LEVEL = "-Onone";
			};
			name = Debug;
		};
		AAF1D27827B3F16800ED2ED3 /* Release */ = {
			isa = XCBuildConfiguration;
			buildSettings = {
				ALWAYS_SEARCH_USER_PATHS = NO;
				CLANG_ANALYZER_NONNULL = YES;
				CLANG_ANALYZER_NUMBER_OBJECT_CONVERSION = YES_AGGRESSIVE;
				CLANG_CXX_LANGUAGE_STANDARD = "gnu++17";
				CLANG_CXX_LIBRARY = "libc++";
				CLANG_ENABLE_MODULES = YES;
				CLANG_ENABLE_OBJC_ARC = YES;
				CLANG_ENABLE_OBJC_WEAK = YES;
				CLANG_WARN_BLOCK_CAPTURE_AUTORELEASING = YES;
				CLANG_WARN_BOOL_CONVERSION = YES;
				CLANG_WARN_COMMA = YES;
				CLANG_WARN_CONSTANT_CONVERSION = YES;
				CLANG_WARN_DEPRECATED_OBJC_IMPLEMENTATIONS = YES;
				CLANG_WARN_DIRECT_OBJC_ISA_USAGE = YES_ERROR;
				CLANG_WARN_DOCUMENTATION_COMMENTS = YES;
				CLANG_WARN_EMPTY_BODY = YES;
				CLANG_WARN_ENUM_CONVERSION = YES;
				CLANG_WARN_INFINITE_RECURSION = YES;
				CLANG_WARN_INT_CONVERSION = YES;
				CLANG_WARN_NON_LITERAL_NULL_CONVERSION = YES;
				CLANG_WARN_OBJC_IMPLICIT_RETAIN_SELF = YES;
				CLANG_WARN_OBJC_LITERAL_CONVERSION = YES;
				CLANG_WARN_OBJC_ROOT_CLASS = YES_ERROR;
				CLANG_WARN_QUOTED_INCLUDE_IN_FRAMEWORK_HEADER = YES;
				CLANG_WARN_RANGE_LOOP_ANALYSIS = YES;
				CLANG_WARN_STRICT_PROTOTYPES = YES;
				CLANG_WARN_SUSPICIOUS_MOVE = YES;
				CLANG_WARN_UNGUARDED_AVAILABILITY = YES_AGGRESSIVE;
				CLANG_WARN_UNREACHABLE_CODE = YES;
				CLANG_WARN__DUPLICATE_METHOD_MATCH = YES;
				COPY_PHASE_STRIP = NO;
				DEBUG_INFORMATION_FORMAT = "dwarf-with-dsym";
				ENABLE_NS_ASSERTIONS = NO;
				ENABLE_STRICT_OBJC_MSGSEND = YES;
				GCC_C_LANGUAGE_STANDARD = gnu11;
				GCC_NO_COMMON_BLOCKS = YES;
				GCC_WARN_64_TO_32_BIT_CONVERSION = YES;
				GCC_WARN_ABOUT_RETURN_TYPE = YES_ERROR;
				GCC_WARN_UNDECLARED_SELECTOR = YES;
				GCC_WARN_UNINITIALIZED_AUTOS = YES_AGGRESSIVE;
				GCC_WARN_UNUSED_FUNCTION = YES;
				GCC_WARN_UNUSED_VARIABLE = YES;
				IPHONEOS_DEPLOYMENT_TARGET = 15.2;
				MTL_ENABLE_DEBUG_INFO = NO;
				MTL_FAST_MATH = YES;
				SDKROOT = iphoneos;
				SWIFT_COMPILATION_MODE = wholemodule;
				SWIFT_OPTIMIZATION_LEVEL = "-O";
				VALIDATE_PRODUCT = YES;
			};
			name = Release;
		};
		AAF1D27A27B3F16800ED2ED3 /* Debug */ = {
			isa = XCBuildConfiguration;
			baseConfigurationReference = C6A7CCF02371EAC11597C4C8 /* Pods-GolfShots.debug.xcconfig */;
			buildSettings = {
				ASSETCATALOG_COMPILER_APPICON_NAME = AppIcon;
				ASSETCATALOG_COMPILER_GLOBAL_ACCENT_COLOR_NAME = AccentColor;
				CODE_SIGN_STYLE = Automatic;
				CURRENT_PROJECT_VERSION = 1;
				DEVELOPMENT_TEAM = LWPJNB32A5;
				GENERATE_INFOPLIST_FILE = YES;
				INFOPLIST_FILE = GolfShots/Info.plist;
				INFOPLIST_KEY_UIApplicationSupportsIndirectInputEvents = YES;
				INFOPLIST_KEY_UILaunchStoryboardName = LaunchScreen;
				INFOPLIST_KEY_UIMainStoryboardFile = Main;
				INFOPLIST_KEY_UISupportedInterfaceOrientations_iPad = "UIInterfaceOrientationPortrait UIInterfaceOrientationPortraitUpsideDown UIInterfaceOrientationLandscapeLeft UIInterfaceOrientationLandscapeRight";
				INFOPLIST_KEY_UISupportedInterfaceOrientations_iPhone = "UIInterfaceOrientationPortrait UIInterfaceOrientationLandscapeLeft UIInterfaceOrientationLandscapeRight";
				LD_RUNPATH_SEARCH_PATHS = (
					"$(inherited)",
					"@executable_path/Frameworks",
				);
				MARKETING_VERSION = 1.0;
				PRODUCT_BUNDLE_IDENTIFIER = com.ytmnarda.GolfShots;
				PRODUCT_NAME = "$(TARGET_NAME)";
				SWIFT_EMIT_LOC_STRINGS = YES;
				SWIFT_VERSION = 5.0;
				TARGETED_DEVICE_FAMILY = "1,2";
			};
			name = Debug;
		};
		AAF1D27B27B3F16800ED2ED3 /* Release */ = {
			isa = XCBuildConfiguration;
			baseConfigurationReference = AF70C74CE4BDB2B940BF7542 /* Pods-GolfShots.release.xcconfig */;
			buildSettings = {
				ASSETCATALOG_COMPILER_APPICON_NAME = AppIcon;
				ASSETCATALOG_COMPILER_GLOBAL_ACCENT_COLOR_NAME = AccentColor;
				CODE_SIGN_STYLE = Automatic;
				CURRENT_PROJECT_VERSION = 1;
				DEVELOPMENT_TEAM = LWPJNB32A5;
				GENERATE_INFOPLIST_FILE = YES;
				INFOPLIST_FILE = GolfShots/Info.plist;
				INFOPLIST_KEY_UIApplicationSupportsIndirectInputEvents = YES;
				INFOPLIST_KEY_UILaunchStoryboardName = LaunchScreen;
				INFOPLIST_KEY_UIMainStoryboardFile = Main;
				INFOPLIST_KEY_UISupportedInterfaceOrientations_iPad = "UIInterfaceOrientationPortrait UIInterfaceOrientationPortraitUpsideDown UIInterfaceOrientationLandscapeLeft UIInterfaceOrientationLandscapeRight";
				INFOPLIST_KEY_UISupportedInterfaceOrientations_iPhone = "UIInterfaceOrientationPortrait UIInterfaceOrientationLandscapeLeft UIInterfaceOrientationLandscapeRight";
				LD_RUNPATH_SEARCH_PATHS = (
					"$(inherited)",
					"@executable_path/Frameworks",
				);
				MARKETING_VERSION = 1.0;
				PRODUCT_BUNDLE_IDENTIFIER = com.ytmnarda.GolfShots;
				PRODUCT_NAME = "$(TARGET_NAME)";
				SWIFT_EMIT_LOC_STRINGS = YES;
				SWIFT_VERSION = 5.0;
				TARGETED_DEVICE_FAMILY = "1,2";
			};
			name = Release;
		};
/* End XCBuildConfiguration section */

/* Begin XCConfigurationList section */
		AAF1D26027B3F16700ED2ED3 /* Build configuration list for PBXProject "GolfShots" */ = {
			isa = XCConfigurationList;
			buildConfigurations = (
				AAF1D27727B3F16800ED2ED3 /* Debug */,
				AAF1D27827B3F16800ED2ED3 /* Release */,
			);
			defaultConfigurationIsVisible = 0;
			defaultConfigurationName = Release;
		};
		AAF1D27927B3F16800ED2ED3 /* Build configuration list for PBXNativeTarget "GolfShots" */ = {
			isa = XCConfigurationList;
			buildConfigurations = (
				AAF1D27A27B3F16800ED2ED3 /* Debug */,
				AAF1D27B27B3F16800ED2ED3 /* Release */,
			);
			defaultConfigurationIsVisible = 0;
			defaultConfigurationName = Release;
		};
/* End XCConfigurationList section */
	};
	rootObject = AAF1D25D27B3F16700ED2ED3 /* Project object */;
}
